{
  "name": "httpu-multicast",
  "lockfileVersion": 3,
  "requires": true,
  "packages": {
    "": {
      "dependencies": {
        "@realjoshbyrnes/httpu-core": "npm:@jsr/realjoshbyrnes__httpu-core@^0.1.0"
      }
    },
    "node_modules/@realjoshbyrnes/httpu-core": {
      "name": "@jsr/realjoshbyrnes__httpu-core",
      "version": "0.1.0",
      "resolved": "https://npm.jsr.io/~/11/@jsr/realjoshbyrnes__httpu-core/0.1.0.tgz",
      "integrity": "sha512-Wa7V/nGjgAbr6l2uyNpA1rOlSnx16BTDIaIjuPVAeBVAzqS85i7dg9d5tUY+e/CU4k9RdSfRGU/1mNgrUWCohA=="
    }
  }
}
